
Microsoft Visual Studio Solution File, Format Version 12.00
# Visual Studio 15
VisualStudioVersion = 15.0.27004.2002
MinimumVisualStudioVersion = 10.0.40219.1
Project("{FAE04EC0-301F-11D3-BF4B-00C04F79EFBC}") = "Projeto_AppEstudos_TCC", "Projeto_AppEstudos_TCC.csproj", "{198D1F4A-6FD8-4AD4-BB5D-CB135EA3CCB0}"
EndProject
Global
	GlobalSection(SolutionConfigurationPlatforms) = preSolution
		Debug|Any CPU = Debug|Any CPU
		Release|Any CPU = Release|Any CPU
	EndGlobalSection
	GlobalSection(ProjectConfigurationPlatforms) = postSolution
		{198D1F4A-6FD8-4AD4-BB5D-CB135EA3CCB0}.Debug|Any CPU.ActiveCfg = Debug|Any CPU
		{198D1F4A-6FD8-4AD4-BB5D-CB135EA3CCB0}.Debug|Any CPU.Build.0 = Debug|Any CPU
		{198D1F4A-6FD8-4AD4-BB5D-CB135EA3CCB0}.Release|Any CPU.ActiveCfg = Release|Any CPU
		{198D1F4A-6FD8-4AD4-BB5D-CB135EA3CCB0}.Release|Any CPU.Build.0 = Release|Any CPU
	EndGlobalSection
	GlobalSection(SolutionProperties) = preSolution
		HideSolutionNode = FALSE
	EndGlobalSection
	GlobalSection(ExtensibilityGlobals) = postSolution
		SolutionGuid = {8ED3E5BF-34E1-4BFA-8B94-AE3A9A14A89F}
	EndGlobalSection
EndGlobal
